version = 1
revision = 3
requires-python = ">=3.12"

[[package]]
name = "my-repository-template"
version = "0.1.0"
source = { virtual = "." }

[package.dev-dependencies]
dev = [
    { name = "prek" },
]

[package.metadata]

[package.metadata.requires-dev]
dev = [{ name = "prek", specifier = ">=0.3.1" }]

[[package]]
name = "prek"
version = "0.3.1"
source = { registry = "https://pypi.org/simple" }
sdist = { url = "https://files.pythonhosted.org/packages/76/62/4b91c8a343e21fcefabc569a91d08cf8756c554332521af78294acef7c27/prek-0.3.1.tar.gz", hash = "sha256:45abc4ffd3cb2d39c478f47e92e88f050e5a4b7a20915d78e54b1a3d3619ebe4", size = 323141, upload-time = "2026-01-31T13:25:58.128Z" }
wheels = [
    { url = "https://files.pythonhosted.org/packages/ab/c1/e0e545048e4190245fb4ae375d67684108518f3c69b67b81d62e1cd855c6/prek-0.3.1-py3-none-linux_armv6l.whl", hash = "sha256:1f77d0845cc63cad9c447f7f7d554c1ad188d07dbe02741823d20d58c7312eaf", size = 4285460, upload-time = "2026-01-31T13:25:42.066Z" },
    { url = "https://files.pythonhosted.org/packages/10/fe/7636d10e2dafdf2a4a927c989f32ce3f08e99d62ebad7563f0272e74b7f4/prek-0.3.1-py3-none-macosx_10_12_x86_64.whl", hash = "sha256:e21142300d139e8c7f3970dd8aa66391cb43cd17c0c4ee65ff1af48856bb6a4b", size = 4287085, upload-time = "2026-01-31T13:25:40.193Z" },
    { url = "https://files.pythonhosted.org/packages/a3/7f/62ed57340071e04c02057d64276ec3986baca3ad4759523e2f433dc9be55/prek-0.3.1-py3-none-macosx_11_0_arm64.whl", hash = "sha256:c09391de7d1994f9402c46cb31671800ea309b1668d839614965706206da3655", size = 3936188, upload-time = "2026-01-31T13:25:47.314Z" },
    { url = "https://files.pythonhosted.org/packages/6b/17/cb24f462c255f76d130ca110f4fcec09b041c3c770e43960cc3fc9dcc9ce/prek-0.3.1-py3-none-manylinux_2_17_aarch64.manylinux2014_aarch64.musllinux_1_1_aarch64.whl", hash = "sha256:a0b0a012ef6ef28dee019cf81a95c5759b2c03287c32c1f2adcb5f5fb097138e", size = 4275214, upload-time = "2026-01-31T13:25:38.053Z" },
    { url = "https://files.pythonhosted.org/packages/f2/85/db155b59d73cf972c8467e4d95def635f9976d5fcbcc790a4bbe9d2e049a/prek-0.3.1-py3-none-manylinux_2_17_armv7l.manylinux2014_armv7l.whl", hash = "sha256:f4a0e40785d39b8feae0d7ecf5534789811a2614114ab47f4e344a2ebd75ac10", size = 4197982, upload-time = "2026-01-31T13:25:50.034Z" },
    { url = "https://files.pythonhosted.org/packages/06/cf/d35c32436692928a9ca53eed3334e30148a60f0faa33c42e8d11b6028fa6/prek-0.3.1-py3-none-manylinux_2_17_i686.manylinux2014_i686.whl", hash = "sha256:ac5c2f5e377e3cc5a5ea191deb8255a5823fbaa01b424417fe18ff12c7c800f3", size = 4458572, upload-time = "2026-01-31T13:25:51.46Z" },
    { url = "https://files.pythonhosted.org/packages/b4/c0/eb36fecb21fe30baa72fb87ccf3a791c32932786c287f95f8972402e9245/prek-0.3.1-py3-none-manylinux_2_17_s390x.manylinux2014_s390x.whl", hash = "sha256:9fe70e97f4dfca57ce142caecd77b90a435abd1c855f9e96041078415d80e89a", size = 4999230, upload-time = "2026-01-31T13:25:44.055Z" },
    { url = "https://files.pythonhosted.org/packages/e4/f3/ad1a25ea16320e6acd1fedd6bd96a0d22526f5132d9b5adc045996ccca4c/prek-0.3.1-py3-none-manylinux_2_17_x86_64.manylinux2014_x86_64.whl", hash = "sha256:0b28e921d893771bdd7533cd94d46a10e0cf2855c5e6bf6809b598b5e45baa73", size = 4510376, upload-time = "2026-01-31T13:25:48.563Z" },
    { url = "https://files.pythonhosted.org/packages/39/b7/91afdd24be808ccf3b9119f4cf2bd6d02e30683143a62a08f432a3435861/prek-0.3.1-py3-none-manylinux_2_28_aarch64.whl", hash = "sha256:555610a53c4541976f4fe8602177ecd7a86a931dcb90a89e5826cfc4a6c8f2cb", size = 4273229, upload-time = "2026-01-31T13:25:56.362Z" },
    { url = "https://files.pythonhosted.org/packages/5a/bb/636c77c5c9fc5eadcc2af975a95b48eeeff2dc833021e222b0e9479b9b47/prek-0.3.1-py3-none-manylinux_2_31_riscv64.whl", hash = "sha256:663a15a31b705db5d01a1c9eb28c6ea417628e6cb68de2dc7b3016ca2f959a99", size = 4301166, upload-time = "2026-01-31T13:25:36.281Z" },
    { url = "https://files.pythonhosted.org/packages/4e/cf/c928a36173e71b21b252943404a5b3d1ddc1f08c9e0f1d7282a2c62c7325/prek-0.3.1-py3-none-musllinux_1_1_armv7l.whl", hash = "sha256:1d03fb5fa37177dc37ccbe474252473adcbde63287a63e9fa3d5745470f95bd8", size = 4188473, upload-time = "2026-01-31T13:25:53.341Z" },
    { url = "https://files.pythonhosted.org/packages/98/4c/af8f6a40cb094e88225514b89e8ae05ac69fc479d6b500e4b984f9ef8ae3/prek-0.3.1-py3-none-musllinux_1_1_i686.whl", hash = "sha256:3e20a5b704c06944dca9555a39f1de3622edc8ed2becaf8b3564925d1b7c1c0d", size = 4342239, upload-time = "2026-01-31T13:25:55.179Z" },
    { url = "https://files.pythonhosted.org/packages/b7/ba/6b0f725c0cf96182ab9622b4d122a01f04de9b2b6e4a6516874390218510/prek-0.3.1-py3-none-musllinux_1_1_x86_64.whl", hash = "sha256:6889acf0c9b0dd7b9cd3510ec36af10a739826d2b9de1e2d021ae6a9f130959a", size = 4618674, upload-time = "2026-01-31T13:25:59.175Z" },
    { url = "https://files.pythonhosted.org/packages/d8/49/caa320893640c9e72ed3d3e2bab7959faba54cefeea09be18c33d5f75baf/prek-0.3.1-py3-none-win32.whl", hash = "sha256:cc62a4bff79ed835d448098f0667c1a91915cec9cfac6c6246b675f0da46eded", size = 3928699, upload-time = "2026-01-31T13:25:33.168Z" },
    { url = "https://files.pythonhosted.org/packages/59/19/15907abe245ae9a120abcebb0c50c6d456ba719eb640f7c57e4f5b2f00e3/prek-0.3.1-py3-none-win_amd64.whl", hash = "sha256:3515140def20bab85e53585b0beb90d894ff2915d2fdb4451b6a4588e16516d8", size = 4296106, upload-time = "2026-01-31T13:25:45.606Z" },
    { url = "https://files.pythonhosted.org/packages/a6/5e/9b994b5de36d6aa5caaf09a018d8fe4820db46e4da577c2fd7a1e176b56c/prek-0.3.1-py3-none-win_arm64.whl", hash = "sha256:cfa58365eb36753cff684dc3b00196c1163bb135fe72c6a1c6ebb1a179f5dbdf", size = 4021714, upload-time = "2026-01-31T13:25:34.993Z" },
]
